<?xml version="1.0" encoding="UTF-8" standalone="yes" ?>
<CodeBlocks_project_file>
	<FileVersion major="1" minor="6" />
	<Project>
		<Option title="Castle Battle" />
		<Option pch_mode="2" />
		<Option compiler="gcc" />
		<Build>
			<Target title="Debug">
				<Option output="bin/Debug/Castle Battle" prefix_auto="1" extension_auto="1" />
				<Option object_output="obj/Debug/" />
				<Option type="0" />
				<Option compiler="gcc" />
				<Compiler>
					<Add option="-g" />
					<Add directory="../Engine/include" />
				</Compiler>
				<Linker>
					<Add library="Irrlicht" />
					<Add library="GL" />
					<Add library="X11" />
					<Add library="Xext" />
					<Add library="Xxf86vm" />
					<Add directory="../Engine/lib/Linux" />
				</Linker>
			</Target>
			<Target title="Release">
				<Option output="bin/Release/Castle Battle" prefix_auto="1" extension_auto="1" />
				<Option object_output="obj/Release/" />
				<Option type="1" />
				<Option compiler="gcc" />
				<Compiler>
					<Add option="-O2" />
				</Compiler>
				<Linker>
					<Add option="-s" />
				</Linker>
			</Target>
		</Build>
		<Compiler>
			<Add option="-Wall" />
			<Add option="-fexceptions" />
		</Compiler>
		<Unit filename="enviroment/Sky.cpp" />
		<Unit filename="enviroment/Sky.h" />
		<Unit filename="enviroment/Terrain.cpp" />
		<Unit filename="enviroment/Terrain.h" />
		<Unit filename="game/player.cpp" />
		<Unit filename="game/player.h" />
		<Unit filename="hud/hud.cpp" />
		<Unit filename="hud/hud.h" />
		<Unit filename="main.cpp" />
		<Extensions>
			<code_completion />
			<debugger />
		</Extensions>
	</Project>
</CodeBlocks_project_file>
